<?xml version="1.0" encoding="UTF-8" standalone="yes" ?>
<CodeBlocks_project_file>
	<FileVersion major="1" minor="6" />
	<Project>
		<Option title="test" />
		<Option pch_mode="2" />
		<Option compiler="gcc" />
		<Build>
			<Target title="Debug">
				<Option output="bin/Debug/test" prefix_auto="1" extension_auto="1" />
				<Option object_output="obj/Debug/" />
				<Option type="1" />
				<Option compiler="gcc" />
				<Compiler>
					<Add option="-g" />
					<Add directory="C:/Program Files/Tools/pdcurses38" />
				</Compiler>
			</Target>
			<Target title="Release">
				<Option output="bin/Release/test" prefix_auto="1" extension_auto="1" />
				<Option object_output="obj/Release/" />
				<Option type="1" />
				<Option compiler="gcc" />
				<Compiler>
					<Add option="-O2" />
					<Add option="-DNDEBUG" />
				</Compiler>
				<Linker>
					<Add option="-s" />
				</Linker>
			</Target>
		</Build>
		<Compiler>
			<Add option="-Wall" />
			<Add option="-fexceptions" />
			<Add directory="C:/Users/chris/Desktop/SDL2/include" />
		</Compiler>
		<Linker>
			<Add option="-lmingw32 -lSDL2main -lSDL2" />
			<Add directory="C:/Users/chris/Desktop/SDL2/lib" />
		</Linker>
		<Unit filename="main.cpp" />
		<Unit filename="src/Controller/AudioController.cpp" />
		<Unit filename="src/Controller/Controller.cpp" />
		<Unit filename="src/Controller/Controller.hpp" />
		<Unit filename="src/Controller/GameController.cpp" />
		<Unit filename="src/Controller/ScoreboardController.cpp" />
		<Unit filename="src/Model/Board.cpp" />
		<Unit filename="src/Model/Board.hpp" />
		<Unit filename="src/Model/EDirection.hpp" />
		<Unit filename="src/Model/Game.cpp" />
		<Unit filename="src/Model/GameCore.hpp" />
		<Unit filename="src/Model/ModelCore.cpp" />
		<Unit filename="src/Model/ModelCore.hpp" />
		<Unit filename="src/Model/Position.hpp" />
		<Unit filename="src/Model/ScoreboardEntry.hpp" />
		<Unit filename="src/Model/Snake.cpp" />
		<Unit filename="src/Model/Snake.hpp" />
		<Unit filename="src/Model/typedefs.hpp" />
		<Unit filename="src/View/ConsoleInit.cpp" />
		<Unit filename="src/View/ConsoleInit.hpp" />
		<Unit filename="src/View/ESection.hpp" />
		<Unit filename="src/View/Section.hpp" />
		<Unit filename="src/View/Sections/Gameplay.cpp" />
		<Unit filename="src/View/Sections/Gameplay.hpp" />
		<Unit filename="src/View/Sections/Help.cpp" />
		<Unit filename="src/View/Sections/Help.hpp" />
		<Unit filename="src/View/Sections/MainMenu.cpp" />
		<Unit filename="src/View/Sections/MainMenu.hpp" />
		<Unit filename="src/View/Sections/Scores.cpp" />
		<Unit filename="src/View/Sections/Scores.hpp" />
		<Unit filename="src/View/ViewFunctions.cpp" />
		<Unit filename="src/View/ViewFunctions.hpp" />
		<Unit filename="src/View/resources.hpp" />
		<Unit filename="src/keyCodes.hpp" />
		<Extensions>
			<lib_finder disable_auto="1" />
		</Extensions>
	</Project>
</CodeBlocks_project_file>
